# This file is generated by running "yarn install" inside your project.
# Manual changes might be lost - proceed with caution!

__metadata:
  version: 8
  cacheKey: 10c0

"@cloudydeno/ddp@jsr:^0.1.3":
  version: 0.1.3
  resolution: "@cloudydeno/ddp@jsr:0.1.3::__archiveUrl=https%3A%2F%2Fnpm.jsr.io%2F~%2F11%2F%40jsr%2Fcloudydeno__ddp%2F0.1.3.tgz"
  dependencies:
    "@jsr/cloudydeno__ejson": "npm:^0.1"
    "@jsr/cloudydeno__opentelemetry": "npm:^0.10"
  checksum: 10c0/b9b9050d317d67c903254d003327d2061e7f390d83dab4eeaa9d6792c450d15f634e04241dbd4f0a40f4414bb1277b57575934c4507c3aafed70bf9024c38354
  languageName: node
  linkType: hard

"@cloudydeno/ddp@npm:@jsr/cloudydeno__ddp@^0.1.3":
  version: 0.1.3
  resolution: "@jsr/cloudydeno__ddp@npm:0.1.3::__archiveUrl=https%3A%2F%2Fnpm.jsr.io%2F~%2F11%2F%40jsr%2Fcloudydeno__ddp%2F0.1.3.tgz"
  dependencies:
    "@jsr/cloudydeno__ejson": "npm:^0.1"
    "@jsr/cloudydeno__opentelemetry": "npm:^0.10"
  checksum: 10c0/b9b9050d317d67c903254d003327d2061e7f390d83dab4eeaa9d6792c450d15f634e04241dbd4f0a40f4414bb1277b57575934c4507c3aafed70bf9024c38354
  languageName: node
  linkType: hard

"@cloudydeno/ejson@jsr:^0.1.1":
  version: 0.1.1
  resolution: "@cloudydeno/ejson@jsr:0.1.1::__archiveUrl=https%3A%2F%2Fnpm.jsr.io%2F~%2F11%2F%40jsr%2Fcloudydeno__ejson%2F0.1.1.tgz"
  dependencies:
    "@jsr/std__encoding": "npm:1.0.9"
  checksum: 10c0/e9bc0a0decb52ac04bdfb71420fea2846d4d419958ab8dbaf3e0450394e95f7d1360de7abab448d89a1a0b7f54fc17e313e618a87b3c1e3ed3926a8b0beb4e7d
  languageName: node
  linkType: hard

"@cloudydeno/ejson@npm:@jsr/cloudydeno__ejson@^0.1.1, @jsr/cloudydeno__ejson@npm:^0.1":
  version: 0.1.1
  resolution: "@jsr/cloudydeno__ejson@npm:0.1.1::__archiveUrl=https%3A%2F%2Fnpm.jsr.io%2F~%2F11%2F%40jsr%2Fcloudydeno__ejson%2F0.1.1.tgz"
  dependencies:
    "@jsr/std__encoding": "npm:1.0.9"
  checksum: 10c0/e9bc0a0decb52ac04bdfb71420fea2846d4d419958ab8dbaf3e0450394e95f7d1360de7abab448d89a1a0b7f54fc17e313e618a87b3c1e3ed3926a8b0beb4e7d
  languageName: node
  linkType: hard

"@danopia/cosmosaur-client@workspace:.":
  version: 0.0.0-use.local
  resolution: "@danopia/cosmosaur-client@workspace:."
  dependencies:
    "@cloudydeno/ddp": "jsr:^0.1.3"
    "@cloudydeno/ejson": "jsr:^0.1.1"
    mongodb: "npm:^6.16.0"
    typescript: "npm:^5.8.3"
  languageName: unknown
  linkType: soft

"@jsr/cloudydeno__opentelemetry@npm:^0.10":
  version: 0.10.3
  resolution: "@jsr/cloudydeno__opentelemetry@npm:0.10.3::__archiveUrl=https%3A%2F%2Fnpm.jsr.io%2F~%2F11%2F%40jsr%2Fcloudydeno__opentelemetry%2F0.10.3.tgz"
  dependencies:
    "@jsr/cloudydeno__shimmer": "npm:1.2.1"
  checksum: 10c0/b60277abc67a3898d2da31ffb750bafdff1ff0e0e7dd624f84374260b75b15a4d839ef85fc362d0405ba3d17273b3f674eed00373d97fc92aed23af0b37eac7f
  languageName: node
  linkType: hard

"@jsr/cloudydeno__shimmer@npm:1.2.1":
  version: 1.2.1
  resolution: "@jsr/cloudydeno__shimmer@npm:1.2.1::__archiveUrl=https%3A%2F%2Fnpm.jsr.io%2F~%2F11%2F%40jsr%2Fcloudydeno__shimmer%2F1.2.1.tgz"
  checksum: 10c0/23778a39d4bb0af65cd4b97b44c9b6ab0415c95ecc30ef6417daf8663b2876bccc8fd0e09510f74cb3d5e12245120f88043a58766513f472e9ceb841708a2ce5
  languageName: node
  linkType: hard

"@jsr/std__encoding@npm:1.0.9":
  version: 1.0.9
  resolution: "@jsr/std__encoding@npm:1.0.9::__archiveUrl=https%3A%2F%2Fnpm.jsr.io%2F~%2F11%2F%40jsr%2Fstd__encoding%2F1.0.9.tgz"
  checksum: 10c0/9ddd7f8f2abb8b8d1a13edc76aa9fda36ab3ba021729d77b90adab12f11d2f1363f6577bb42529e5132116d3559dff1e7673a23ca6060039ef62ffc624579f08
  languageName: node
  linkType: hard

"@mongodb-js/saslprep@npm:^1.1.9":
  version: 1.2.2
  resolution: "@mongodb-js/saslprep@npm:1.2.2"
  dependencies:
    sparse-bitfield: "npm:^3.0.3"
  checksum: 10c0/6ea882034fe99c6abe033d843dfa0f90fcec105ef538c04ee32aca9d2cda7cc8f2dd45c94c2dbf30f14668524ed076f7072bce857f9ee321ad5b0bc1f930c423
  languageName: node
  linkType: hard

"@types/webidl-conversions@npm:*":
  version: 7.0.3
  resolution: "@types/webidl-conversions@npm:7.0.3"
  checksum: 10c0/ac2ccff93b95ac7c8ca73dc6064403181691bba7ea144296f462dc9108a07be16cbad7b9c704b3df706dcc5a117e1f7bf7fb27aeb75b09c0f3148de8aee11aff
  languageName: node
  linkType: hard

"@types/whatwg-url@npm:^11.0.2":
  version: 11.0.5
  resolution: "@types/whatwg-url@npm:11.0.5"
  dependencies:
    "@types/webidl-conversions": "npm:*"
  checksum: 10c0/7a9b9252dee98df6db1ad62337daca7f59ae50d7a3406d14ac6b57168d406004359994f3371155e24f3cf12002c4cb8bbb0883bd4cefb9d7ee8e2b510bdd7f5e
  languageName: node
  linkType: hard

"bson@npm:^6.10.3":
  version: 6.10.3
  resolution: "bson@npm:6.10.3"
  checksum: 10c0/15ad7a9b3bf8090add5fea1761b1ba7d75e5256efcfbb8c9ca448ca98e59c3b079c37c36c7aca0cc916236bd2d4684a5525c68f3d76da8a13d55dc230abbdd21
  languageName: node
  linkType: hard

"memory-pager@npm:^1.0.2":
  version: 1.5.0
  resolution: "memory-pager@npm:1.5.0"
  checksum: 10c0/2596e80c99fee24f05bd8a20cde2ee899012c996f4ec361ac76ed6f009f34149d733ac6f76880106ccd6a66d062ad439357578d383d429df66ba1278f68806e9
  languageName: node
  linkType: hard

"mongodb-connection-string-url@npm:^3.0.0":
  version: 3.0.2
  resolution: "mongodb-connection-string-url@npm:3.0.2"
  dependencies:
    "@types/whatwg-url": "npm:^11.0.2"
    whatwg-url: "npm:^14.1.0 || ^13.0.0"
  checksum: 10c0/8b7ac99634f167dbe690e90fa10528e3ffc029faf2feabf36efb84299a04831130b3dba114dbe132f05a8a38022976904b625976996a4534bca4368e8fa5ba33
  languageName: node
  linkType: hard

"mongodb@npm:^6.16.0":
  version: 6.16.0
  resolution: "mongodb@npm:6.16.0"
  dependencies:
    "@mongodb-js/saslprep": "npm:^1.1.9"
    bson: "npm:^6.10.3"
    mongodb-connection-string-url: "npm:^3.0.0"
  peerDependencies:
    "@aws-sdk/credential-providers": ^3.188.0
    "@mongodb-js/zstd": ^1.1.0 || ^2.0.0
    gcp-metadata: ^5.2.0
    kerberos: ^2.0.1
    mongodb-client-encryption: ">=6.0.0 <7"
    snappy: ^7.2.2
    socks: ^2.7.1
  peerDependenciesMeta:
    "@aws-sdk/credential-providers":
      optional: true
    "@mongodb-js/zstd":
      optional: true
    gcp-metadata:
      optional: true
    kerberos:
      optional: true
    mongodb-client-encryption:
      optional: true
    snappy:
      optional: true
    socks:
      optional: true
  checksum: 10c0/daf54347181d50ff6207a78f545bd1bea856505efa61a1bb29fc200b412fad84971c49e7d8a57e96a09bb6eab9625a6d6ad1d84884afa3a16041d5dba1b18b38
  languageName: node
  linkType: hard

"punycode@npm:^2.3.1":
  version: 2.3.1
  resolution: "punycode@npm:2.3.1"
  checksum: 10c0/14f76a8206bc3464f794fb2e3d3cc665ae416c01893ad7a02b23766eb07159144ee612ad67af5e84fa4479ccfe67678c4feb126b0485651b302babf66f04f9e9
  languageName: node
  linkType: hard

"sparse-bitfield@npm:^3.0.3":
  version: 3.0.3
  resolution: "sparse-bitfield@npm:3.0.3"
  dependencies:
    memory-pager: "npm:^1.0.2"
  checksum: 10c0/248c6ff7b5e354735e1daac4059222a29c9d291dfcf265daf675d13515eeaac454cfcccd687c8d134f86698b39abd7ad4d7434f7272dd6f8e41a00f21aae4194
  languageName: node
  linkType: hard

"tr46@npm:^5.1.0":
  version: 5.1.1
  resolution: "tr46@npm:5.1.1"
  dependencies:
    punycode: "npm:^2.3.1"
  checksum: 10c0/ae270e194d52ec67ebd695c1a42876e0f19b96e4aca2ab464ab1d9d17dc3acd3e18764f5034c93897db73421563be27c70c98359c4501136a497e46deda5d5ec
  languageName: node
  linkType: hard

"typescript@npm:^5.8.3":
  version: 5.8.3
  resolution: "typescript@npm:5.8.3"
  bin:
    tsc: bin/tsc
    tsserver: bin/tsserver
  checksum: 10c0/5f8bb01196e542e64d44db3d16ee0e4063ce4f3e3966df6005f2588e86d91c03e1fb131c2581baf0fb65ee79669eea6e161cd448178986587e9f6844446dbb48
  languageName: node
  linkType: hard

"typescript@patch:typescript@npm%3A^5.8.3#optional!builtin<compat/typescript>":
  version: 5.8.3
  resolution: "typescript@patch:typescript@npm%3A5.8.3#optional!builtin<compat/typescript>::version=5.8.3&hash=5786d5"
  bin:
    tsc: bin/tsc
    tsserver: bin/tsserver
  checksum: 10c0/39117e346ff8ebd87ae1510b3a77d5d92dae5a89bde588c747d25da5c146603a99c8ee588c7ef80faaf123d89ed46f6dbd918d534d641083177d5fac38b8a1cb
  languageName: node
  linkType: hard

"webidl-conversions@npm:^7.0.0":
  version: 7.0.0
  resolution: "webidl-conversions@npm:7.0.0"
  checksum: 10c0/228d8cb6d270c23b0720cb2d95c579202db3aaf8f633b4e9dd94ec2000a04e7e6e43b76a94509cdb30479bd00ae253ab2371a2da9f81446cc313f89a4213a2c4
  languageName: node
  linkType: hard

"whatwg-url@npm:^14.1.0 || ^13.0.0":
  version: 14.2.0
  resolution: "whatwg-url@npm:14.2.0"
  dependencies:
    tr46: "npm:^5.1.0"
    webidl-conversions: "npm:^7.0.0"
  checksum: 10c0/f746fc2f4c906607d09537de1227b13f9494c171141e5427ed7d2c0dd0b6a48b43d8e71abaae57d368d0c06b673fd8ec63550b32ad5ed64990c7b0266c2b4272
  languageName: node
  linkType: hard
